{
    "inputs": {
        "naersk": {
            "inputs": {},
            "narHash": "sha256-XfE+WqLQTOJZZEorflGcIh9qldvjCmdn0OwX84e3SiE=",
            "originalUrl": "github:nmattia/naersk",
            "url": "github:nmattia/naersk/cfcc58495d5331a83e97419b46c5b5ae8008aa13"
        },
        "nixpkgs": {
            "inputs": {},
            "narHash": "sha256-lfMdLhCBW/t/wU/zcqHw6vpjoVksGXZ1nW0fES4N8bo=",
            "originalUrl": "nixpkgs",
            "url": "/home/justin/nixpkgs?ref=HEAD&rev=e81159b4479b70569a2740b94b02e50988f208f7"
        },
        "nixpkgs-mozilla": {
            "inputs": {},
            "narHash": "sha256-T4ZjBd1HwVppQjKccuWa0w24IRNJdIo0YpHptljQnEU=",
            "originalUrl": "github:mozilla/nixpkgs-mozilla",
            "url": "github:mozilla/nixpkgs-mozilla/d46240e8755d91bc36c0c38621af72bf5c489e13"
        }
    },
    "version": 3
}
